
Microsoft Visual Studio Solution File, Format Version 12.00
# Visual Studio Version 17
VisualStudioVersion = 17.3.32901.215
MinimumVisualStudioVersion = 10.0.40219.1
Project("{9A19103F-16F7-4668-BE54-9A1E7A4F7556}") = "eKabita.Web", "eKabita.Web\eKabita.Web.csproj", "{91BCE721-B6E8-4DD6-8DC9-9DB61F189E3A}"
EndProject
Project("{9A19103F-16F7-4668-BE54-9A1E7A4F7556}") = "eKabita.Models", "eKabita.Models\eKabita.Models.csproj", "{2CFB1693-74D3-4459-93A7-211EEB1D7606}"
EndProject
Project("{9A19103F-16F7-4668-BE54-9A1E7A4F7556}") = "eKabita.Data", "eKabita.Data\eKabita.Data.csproj", "{B6A0BBA4-53E2-4369-8AD7-FB50A37F565D}"
EndProject
Project("{9A19103F-16F7-4668-BE54-9A1E7A4F7556}") = "eKabita.Services", "eKabita.Services\eKabita.Services.csproj", "{EB1C63A5-3263-4461-BD3D-299B056451DD}"
EndProject
Project("{9A19103F-16F7-4668-BE54-9A1E7A4F7556}") = "eKabita.Utilites", "eKabita.Utilites\eKabita.Utilites.csproj", "{C0BB4506-898D-47BF-AD05-8470FD945C7D}"
EndProject
Project("{9A19103F-16F7-4668-BE54-9A1E7A4F7556}") = "eKabita.Repsitories", "eKabita.Repsitories\eKabita.Repsitories.csproj", "{35519CE8-640A-49D7-8C7D-75DE1DAD06F1}"
EndProject
Project("{9A19103F-16F7-4668-BE54-9A1E7A4F7556}") = "eKabita.ViewModels", "eKabita.ViewModels\eKabita.ViewModels.csproj", "{6593F612-59C2-4F2C-BF8E-9247D4A16BB9}"
EndProject
Global
	GlobalSection(SolutionConfigurationPlatforms) = preSolution
		Debug|Any CPU = Debug|Any CPU
		Release|Any CPU = Release|Any CPU
	EndGlobalSection
	GlobalSection(ProjectConfigurationPlatforms) = postSolution
		{91BCE721-B6E8-4DD6-8DC9-9DB61F189E3A}.Debug|Any CPU.ActiveCfg = Debug|Any CPU
		{91BCE721-B6E8-4DD6-8DC9-9DB61F189E3A}.Debug|Any CPU.Build.0 = Debug|Any CPU
		{91BCE721-B6E8-4DD6-8DC9-9DB61F189E3A}.Release|Any CPU.ActiveCfg = Release|Any CPU
		{91BCE721-B6E8-4DD6-8DC9-9DB61F189E3A}.Release|Any CPU.Build.0 = Release|Any CPU
		{2CFB1693-74D3-4459-93A7-211EEB1D7606}.Debug|Any CPU.ActiveCfg = Debug|Any CPU
		{2CFB1693-74D3-4459-93A7-211EEB1D7606}.Debug|Any CPU.Build.0 = Debug|Any CPU
		{2CFB1693-74D3-4459-93A7-211EEB1D7606}.Release|Any CPU.ActiveCfg = Release|Any CPU
		{2CFB1693-74D3-4459-93A7-211EEB1D7606}.Release|Any CPU.Build.0 = Release|Any CPU
		{B6A0BBA4-53E2-4369-8AD7-FB50A37F565D}.Debug|Any CPU.ActiveCfg = Debug|Any CPU
		{B6A0BBA4-53E2-4369-8AD7-FB50A37F565D}.Debug|Any CPU.Build.0 = Debug|Any CPU
		{B6A0BBA4-53E2-4369-8AD7-FB50A37F565D}.Release|Any CPU.ActiveCfg = Release|Any CPU
		{B6A0BBA4-53E2-4369-8AD7-FB50A37F565D}.Release|Any CPU.Build.0 = Release|Any CPU
		{EB1C63A5-3263-4461-BD3D-299B056451DD}.Debug|Any CPU.ActiveCfg = Debug|Any CPU
		{EB1C63A5-3263-4461-BD3D-299B056451DD}.Debug|Any CPU.Build.0 = Debug|Any CPU
		{EB1C63A5-3263-4461-BD3D-299B056451DD}.Release|Any CPU.ActiveCfg = Release|Any CPU
		{EB1C63A5-3263-4461-BD3D-299B056451DD}.Release|Any CPU.Build.0 = Release|Any CPU
		{C0BB4506-898D-47BF-AD05-8470FD945C7D}.Debug|Any CPU.ActiveCfg = Debug|Any CPU
		{C0BB4506-898D-47BF-AD05-8470FD945C7D}.Debug|Any CPU.Build.0 = Debug|Any CPU
		{C0BB4506-898D-47BF-AD05-8470FD945C7D}.Release|Any CPU.ActiveCfg = Release|Any CPU
		{C0BB4506-898D-47BF-AD05-8470FD945C7D}.Release|Any CPU.Build.0 = Release|Any CPU
		{35519CE8-640A-49D7-8C7D-75DE1DAD06F1}.Debug|Any CPU.ActiveCfg = Debug|Any CPU
		{35519CE8-640A-49D7-8C7D-75DE1DAD06F1}.Debug|Any CPU.Build.0 = Debug|Any CPU
		{35519CE8-640A-49D7-8C7D-75DE1DAD06F1}.Release|Any CPU.ActiveCfg = Release|Any CPU
		{35519CE8-640A-49D7-8C7D-75DE1DAD06F1}.Release|Any CPU.Build.0 = Release|Any CPU
		{6593F612-59C2-4F2C-BF8E-9247D4A16BB9}.Debug|Any CPU.ActiveCfg = Debug|Any CPU
		{6593F612-59C2-4F2C-BF8E-9247D4A16BB9}.Debug|Any CPU.Build.0 = Debug|Any CPU
		{6593F612-59C2-4F2C-BF8E-9247D4A16BB9}.Release|Any CPU.ActiveCfg = Release|Any CPU
		{6593F612-59C2-4F2C-BF8E-9247D4A16BB9}.Release|Any CPU.Build.0 = Release|Any CPU
	EndGlobalSection
	GlobalSection(SolutionProperties) = preSolution
		HideSolutionNode = FALSE
	EndGlobalSection
	GlobalSection(ExtensibilityGlobals) = postSolution
		SolutionGuid = {EFA818AD-B72B-4B9D-8435-4DA55DB9D24B}
	EndGlobalSection
EndGlobal
